// !$*UTF8*$!
{
	archiveVersion = 1;
	classes = {
	};
	objectVersion = 46;
	objects = {

/* Begin PBXBuildFile section */
		A11808EA1CEF8D7200FFA3EA /* Dust.png in Resources */ = {isa = PBXBuildFile; fileRef = A11808E71CEF8D7200FFA3EA /* Dust.png */; };
		A11808EB1CEF8D7200FFA3EA /* Dust20x20.png in Resources */ = {isa = PBXBuildFile; fileRef = A11808E81CEF8D7200FFA3EA /* Dust20x20.png */; };
		A11808EC1CEF8D7200FFA3EA /* Dust30x30.png in Resources */ = {isa = PBXBuildFile; fileRef = A11808E91CEF8D7200FFA3EA /* Dust30x30.png */; };
		A11808F21CEF929000FFA3EA /* Default.png in Resources */ = {isa = PBXBuildFile; fileRef = A11808F11CEF929000FFA3EA /* Default.png */; };
		A11AD45E1CD2214300AA688B /* photo5.png in Resources */ = {isa = PBXBuildFile; fileRef = A11AD4581CD2214300AA688B /* photo5.png */; };
		A11AD45F1CD2214300AA688B /* photo4.png in Resources */ = {isa = PBXBuildFile; fileRef = A11AD4591CD2214300AA688B /* photo4.png */; };
		A11AD4601CD2214300AA688B /* photo3.png in Resources */ = {isa = PBXBuildFile; fileRef = A11AD45A1CD2214300AA688B /* photo3.png */; };
		A11AD4611CD2214300AA688B /* photo2.png in Resources */ = {isa = PBXBuildFile; fileRef = A11AD45B1CD2214300AA688B /* photo2.png */; };
		A11AD4621CD2214300AA688B /* photo1.png in Resources */ = {isa = PBXBuildFile; fileRef = A11AD45C1CD2214300AA688B /* photo1.png */; };
		A11AD4631CD2214300AA688B /* slow.png in Resources */ = {isa = PBXBuildFile; fileRef = A11AD45D1CD2214300AA688B /* slow.png */; };
		A11AD4671CD224E900AA688B /* us1.png in Resources */ = {isa = PBXBuildFile; fileRef = A11AD4661CD224E900AA688B /* us1.png */; };
		A11AD4691CD2285000AA688B /* button2.png in Resources */ = {isa = PBXBuildFile; fileRef = A11AD4681CD2285000AA688B /* button2.png */; };
		A11AD46B1CD2294500AA688B /* 222.png in Resources */ = {isa = PBXBuildFile; fileRef = A11AD46A1CD2294500AA688B /* 222.png */; };
		A122C97E1CEF702A0001705C /* Align-left.png in Resources */ = {isa = PBXBuildFile; fileRef = A122C9781CEF702A0001705C /* Align-left.png */; };
		A122C9801CEF702A0001705C /* Home.png in Resources */ = {isa = PBXBuildFile; fileRef = A122C97A1CEF702A0001705C /* Home.png */; };
		A122C9811CEF702A0001705C /* Info.png in Resources */ = {isa = PBXBuildFile; fileRef = A122C97B1CEF702A0001705C /* Info.png */; };
		A122C9821CEF702A0001705C /* Map-marker.png in Resources */ = {isa = PBXBuildFile; fileRef = A122C97C1CEF702A0001705C /* Map-marker.png */; };
		A122C9831CEF702A0001705C /* Search.png in Resources */ = {isa = PBXBuildFile; fileRef = A122C97D1CEF702A0001705C /* Search.png */; };
		A122C9861CEF71400001705C /* Info20x20.png in Resources */ = {isa = PBXBuildFile; fileRef = A122C9841CEF71400001705C /* Info20x20.png */; };
		A122C9871CEF71400001705C /* Info30x30.png in Resources */ = {isa = PBXBuildFile; fileRef = A122C9851CEF71400001705C /* Info30x30.png */; };
		A122C9931CEF7BC00001705C /* Align20x20.png in Resources */ = {isa = PBXBuildFile; fileRef = A122C9891CEF7BC00001705C /* Align20x20.png */; };
		A122C9941CEF7BC00001705C /* Align30x30.png in Resources */ = {isa = PBXBuildFile; fileRef = A122C98A1CEF7BC00001705C /* Align30x30.png */; };
		A122C9971CEF7BC00001705C /* Home20x20.png in Resources */ = {isa = PBXBuildFile; fileRef = A122C98D1CEF7BC00001705C /* Home20x20.png */; };
		A122C9981CEF7BC00001705C /* Home30x30.png in Resources */ = {isa = PBXBuildFile; fileRef = A122C98E1CEF7BC00001705C /* Home30x30.png */; };
		A122C9991CEF7BC00001705C /* Map-marker20x20.png in Resources */ = {isa = PBXBuildFile; fileRef = A122C98F1CEF7BC00001705C /* Map-marker20x20.png */; };
		A122C99A1CEF7BC00001705C /* Map-marker30x30.png in Resources */ = {isa = PBXBuildFile; fileRef = A122C9901CEF7BC00001705C /* Map-marker30x30.png */; };
		A122C99B1CEF7BC00001705C /* Search20x20.png in Resources */ = {isa = PBXBuildFile; fileRef = A122C9911CEF7BC00001705C /* Search20x20.png */; };
		A122C99C1CEF7BC00001705C /* Search30x30.png in Resources */ = {isa = PBXBuildFile; fileRef = A122C9921CEF7BC00001705C /* Search30x30.png */; };
		A13AE96F1CEF7F4C00DDAF00 /* Infomation.png in Resources */ = {isa = PBXBuildFile; fileRef = A13AE96E1CEF7F4C00DDAF00 /* Infomation.png */; };
		A1828E1F1CBCEF3E00D28198 /* AppDelegate.swift in Sources */ = {isa = PBXBuildFile; fileRef = A1828E1E1CBCEF3E00D28198 /* AppDelegate.swift */; };
		A1828E211CBCEF3E00D28198 /* ViewController.swift in Sources */ = {isa = PBXBuildFile; fileRef = A1828E201CBCEF3E00D28198 /* ViewController.swift */; };
		A1828E241CBCEF3E00D28198 /* Main.storyboard in Resources */ = {isa = PBXBuildFile; fileRef = A1828E221CBCEF3E00D28198 /* Main.storyboard */; };
		A1828E261CBCEF3E00D28198 /* Assets.xcassets in Resources */ = {isa = PBXBuildFile; fileRef = A1828E251CBCEF3E00D28198 /* Assets.xcassets */; };
		A1828E291CBCEF3E00D28198 /* LaunchScreen.storyboard in Resources */ = {isa = PBXBuildFile; fileRef = A1828E271CBCEF3E00D28198 /* LaunchScreen.storyboard */; };
		A1E333AA1CC672280002AD3F /* 2Stars.png in Resources */ = {isa = PBXBuildFile; fileRef = A1E333A51CC672280002AD3F /* 2Stars.png */; };
		A1E333AB1CC672280002AD3F /* 3Stars.png in Resources */ = {isa = PBXBuildFile; fileRef = A1E333A61CC672280002AD3F /* 3Stars.png */; };
		A1E333AC1CC672280002AD3F /* 4Stars.png in Resources */ = {isa = PBXBuildFile; fileRef = A1E333A71CC672280002AD3F /* 4Stars.png */; };
		A1E333AD1CC672280002AD3F /* 5Stars.png in Resources */ = {isa = PBXBuildFile; fileRef = A1E333A81CC672280002AD3F /* 5Stars.png */; };
		A1E333AE1CC672280002AD3F /* 1Stars.png in Resources */ = {isa = PBXBuildFile; fileRef = A1E333A91CC672280002AD3F /* 1Stars.png */; };
		A1E333B01CC68A1B0002AD3F /* Gestures.png in Resources */ = {isa = PBXBuildFile; fileRef = A1E333AF1CC68A1B0002AD3F /* Gestures.png */; };
		A1E333B21CC68A220002AD3F /* Players.png in Resources */ = {isa = PBXBuildFile; fileRef = A1E333B11CC68A220002AD3F /* Players.png */; };
/* End PBXBuildFile section */

/* Begin PBXFileReference section */
		A11808E71CEF8D7200FFA3EA /* Dust.png */ = {isa = PBXFileReference; lastKnownFileType = image.png; path = Dust.png; sourceTree = "<group>"; };
		A11808E81CEF8D7200FFA3EA /* Dust20x20.png */ = {isa = PBXFileReference; lastKnownFileType = image.png; path = Dust20x20.png; sourceTree = "<group>"; };
		A11808E91CEF8D7200FFA3EA /* Dust30x30.png */ = {isa = PBXFileReference; lastKnownFileType = image.png; path = Dust30x30.png; sourceTree = "<group>"; };
		A11808F11CEF929000FFA3EA /* Default.png */ = {isa = PBXFileReference; lastKnownFileType = image.png; path = Default.png; sourceTree = "<group>"; };
		A11AD4581CD2214300AA688B /* photo5.png */ = {isa = PBXFileReference; lastKnownFileType = image.png; path = photo5.png; sourceTree = "<group>"; };
		A11AD4591CD2214300AA688B /* photo4.png */ = {isa = PBXFileReference; lastKnownFileType = image.png; path = photo4.png; sourceTree = "<group>"; };
		A11AD45A1CD2214300AA688B /* photo3.png */ = {isa = PBXFileReference; lastKnownFileType = image.png; path = photo3.png; sourceTree = "<group>"; };
		A11AD45B1CD2214300AA688B /* photo2.png */ = {isa = PBXFileReference; lastKnownFileType = image.png; path = photo2.png; sourceTree = "<group>"; };
		A11AD45C1CD2214300AA688B /* photo1.png */ = {isa = PBXFileReference; lastKnownFileType = image.png; path = photo1.png; sourceTree = "<group>"; };
		A11AD45D1CD2214300AA688B /* slow.png */ = {isa = PBXFileReference; lastKnownFileType = image.png; path = slow.png; sourceTree = "<group>"; };
		A11AD4661CD224E900AA688B /* us1.png */ = {isa = PBXFileReference; lastKnownFileType = image.png; path = us1.png; sourceTree = "<group>"; };
		A11AD4681CD2285000AA688B /* button2.png */ = {isa = PBXFileReference; lastKnownFileType = image.png; path = button2.png; sourceTree = "<group>"; };
		A11AD46A1CD2294500AA688B /* 222.png */ = {isa = PBXFileReference; lastKnownFileType = image.png; path = 222.png; sourceTree = "<group>"; };
		A122C9781CEF702A0001705C /* Align-left.png */ = {isa = PBXFileReference; lastKnownFileType = image.png; path = "Align-left.png"; sourceTree = "<group>"; };
		A122C97A1CEF702A0001705C /* Home.png */ = {isa = PBXFileReference; lastKnownFileType = image.png; path = Home.png; sourceTree = "<group>"; };
		A122C97B1CEF702A0001705C /* Info.png */ = {isa = PBXFileReference; lastKnownFileType = image.png; path = Info.png; sourceTree = "<group>"; };
		A122C97C1CEF702A0001705C /* Map-marker.png */ = {isa = PBXFileReference; lastKnownFileType = image.png; path = "Map-marker.png"; sourceTree = "<group>"; };
		A122C97D1CEF702A0001705C /* Search.png */ = {isa = PBXFileReference; lastKnownFileType = image.png; path = Search.png; sourceTree = "<group>"; };
		A122C9841CEF71400001705C /* Info20x20.png */ = {isa = PBXFileReference; lastKnownFileType = image.png; path = Info20x20.png; sourceTree = "<group>"; };
		A122C9851CEF71400001705C /* Info30x30.png */ = {isa = PBXFileReference; lastKnownFileType = image.png; path = Info30x30.png; sourceTree = "<group>"; };
		A122C9891CEF7BC00001705C /* Align20x20.png */ = {isa = PBXFileReference; lastKnownFileType = image.png; path = Align20x20.png; sourceTree = "<group>"; };
		A122C98A1CEF7BC00001705C /* Align30x30.png */ = {isa = PBXFileReference; lastKnownFileType = image.png; path = Align30x30.png; sourceTree = "<group>"; };
		A122C98D1CEF7BC00001705C /* Home20x20.png */ = {isa = PBXFileReference; lastKnownFileType = image.png; path = Home20x20.png; sourceTree = "<group>"; };
		A122C98E1CEF7BC00001705C /* Home30x30.png */ = {isa = PBXFileReference; lastKnownFileType = image.png; path = Home30x30.png; sourceTree = "<group>"; };
		A122C98F1CEF7BC00001705C /* Map-marker20x20.png */ = {isa = PBXFileReference; lastKnownFileType = image.png; path = "Map-marker20x20.png"; sourceTree = "<group>"; };
		A122C9901CEF7BC00001705C /* Map-marker30x30.png */ = {isa = PBXFileReference; lastKnownFileType = image.png; path = "Map-marker30x30.png"; sourceTree = "<group>"; };
		A122C9911CEF7BC00001705C /* Search20x20.png */ = {isa = PBXFileReference; lastKnownFileType = image.png; path = Search20x20.png; sourceTree = "<group>"; };
		A122C9921CEF7BC00001705C /* Search30x30.png */ = {isa = PBXFileReference; lastKnownFileType = image.png; path = Search30x30.png; sourceTree = "<group>"; };
		A13AE96E1CEF7F4C00DDAF00 /* Infomation.png */ = {isa = PBXFileReference; lastKnownFileType = image.png; path = Infomation.png; sourceTree = "<group>"; };
		A1828E1B1CBCEF3E00D28198 /* miniDust.app */ = {isa = PBXFileReference; explicitFileType = wrapper.application; includeInIndex = 0; path = miniDust.app; sourceTree = BUILT_PRODUCTS_DIR; };
		A1828E1E1CBCEF3E00D28198 /* AppDelegate.swift */ = {isa = PBXFileReference; lastKnownFileType = sourcecode.swift; path = AppDelegate.swift; sourceTree = "<group>"; };
		A1828E201CBCEF3E00D28198 /* ViewController.swift */ = {isa = PBXFileReference; lastKnownFileType = sourcecode.swift; path = ViewController.swift; sourceTree = "<group>"; };
		A1828E231CBCEF3E00D28198 /* Base */ = {isa = PBXFileReference; lastKnownFileType = file.storyboard; name = Base; path = Base.lproj/Main.storyboard; sourceTree = "<group>"; };
		A1828E251CBCEF3E00D28198 /* Assets.xcassets */ = {isa = PBXFileReference; lastKnownFileType = folder.assetcatalog; path = Assets.xcassets; sourceTree = "<group>"; };
		A1828E281CBCEF3E00D28198 /* Base */ = {isa = PBXFileReference; lastKnownFileType = file.storyboard; name = Base; path = Base.lproj/LaunchScreen.storyboard; sourceTree = "<group>"; };
		A1828E2A1CBCEF3E00D28198 /* Info.plist */ = {isa = PBXFileReference; lastKnownFileType = text.plist.xml; path = Info.plist; sourceTree = "<group>"; };
		A1E333A51CC672280002AD3F /* 2Stars.png */ = {isa = PBXFileReference; lastKnownFileType = image.png; path = 2Stars.png; sourceTree = "<group>"; };
		A1E333A61CC672280002AD3F /* 3Stars.png */ = {isa = PBXFileReference; lastKnownFileType = image.png; path = 3Stars.png; sourceTree = "<group>"; };
		A1E333A71CC672280002AD3F /* 4Stars.png */ = {isa = PBXFileReference; lastKnownFileType = image.png; path = 4Stars.png; sourceTree = "<group>"; };
		A1E333A81CC672280002AD3F /* 5Stars.png */ = {isa = PBXFileReference; lastKnownFileType = image.png; path = 5Stars.png; sourceTree = "<group>"; };
		A1E333A91CC672280002AD3F /* 1Stars.png */ = {isa = PBXFileReference; lastKnownFileType = image.png; path = 1Stars.png; sourceTree = "<group>"; };
		A1E333AF1CC68A1B0002AD3F /* Gestures.png */ = {isa = PBXFileReference; lastKnownFileType = image.png; name = Gestures.png; path = Images/Gestures.imageset/Gestures.png; sourceTree = "<group>"; };
		A1E333B11CC68A220002AD3F /* Players.png */ = {isa = PBXFileReference; lastKnownFileType = image.png; name = Players.png; path = Images/Players.imageset/Players.png; sourceTree = "<group>"; };
/* End PBXFileReference section */

/* Begin PBXFrameworksBuildPhase section */
		A1828E181CBCEF3E00D28198 /* Frameworks */ = {
			isa = PBXFrameworksBuildPhase;
			buildActionMask = 2147483647;
			files = (
			);
			runOnlyForDeploymentPostprocessing = 0;
		};
/* End PBXFrameworksBuildPhase section */

/* Begin PBXGroup section */
		A122C9771CEF647E0001705C /* Image */ = {
			isa = PBXGroup;
			children = (
				A11808F11CEF929000FFA3EA /* Default.png */,
				A13AE96D1CEF7F3500DDAF00 /* Info */,
				A122C9881CEF7A8B0001705C /* Icon */,
				A11AD46A1CD2294500AA688B /* 222.png */,
				A11AD4681CD2285000AA688B /* button2.png */,
				A11AD4661CD224E900AA688B /* us1.png */,
				A11AD4581CD2214300AA688B /* photo5.png */,
				A11AD4591CD2214300AA688B /* photo4.png */,
				A11AD45A1CD2214300AA688B /* photo3.png */,
				A11AD45B1CD2214300AA688B /* photo2.png */,
				A11AD45C1CD2214300AA688B /* photo1.png */,
				A11AD45D1CD2214300AA688B /* slow.png */,
				A1E333A91CC672280002AD3F /* 1Stars.png */,
				A1E333A51CC672280002AD3F /* 2Stars.png */,
				A1E333A61CC672280002AD3F /* 3Stars.png */,
				A1E333A71CC672280002AD3F /* 4Stars.png */,
				A1E333A81CC672280002AD3F /* 5Stars.png */,
				A1E333AF1CC68A1B0002AD3F /* Gestures.png */,
				A1E333B11CC68A220002AD3F /* Players.png */,
			);
			name = Image;
			sourceTree = "<group>";
		};
		A122C9881CEF7A8B0001705C /* Icon */ = {
			isa = PBXGroup;
			children = (
				A11808E71CEF8D7200FFA3EA /* Dust.png */,
				A11808E81CEF8D7200FFA3EA /* Dust20x20.png */,
				A11808E91CEF8D7200FFA3EA /* Dust30x30.png */,
				A122C9891CEF7BC00001705C /* Align20x20.png */,
				A122C98A1CEF7BC00001705C /* Align30x30.png */,
				A122C98D1CEF7BC00001705C /* Home20x20.png */,
				A122C98E1CEF7BC00001705C /* Home30x30.png */,
				A122C98F1CEF7BC00001705C /* Map-marker20x20.png */,
				A122C9901CEF7BC00001705C /* Map-marker30x30.png */,
				A122C9911CEF7BC00001705C /* Search20x20.png */,
				A122C9921CEF7BC00001705C /* Search30x30.png */,
				A122C9781CEF702A0001705C /* Align-left.png */,
				A122C97A1CEF702A0001705C /* Home.png */,
				A122C97B1CEF702A0001705C /* Info.png */,
				A122C97C1CEF702A0001705C /* Map-marker.png */,
				A122C97D1CEF702A0001705C /* Search.png */,
				A122C9841CEF71400001705C /* Info20x20.png */,
				A122C9851CEF71400001705C /* Info30x30.png */,
			);
			name = Icon;
			sourceTree = "<group>";
		};
		A13AE96D1CEF7F3500DDAF00 /* Info */ = {
			isa = PBXGroup;
			children = (
				A13AE96E1CEF7F4C00DDAF00 /* Infomation.png */,
			);
			name = Info;
			sourceTree = "<group>";
		};
		A1828E121CBCEF3E00D28198 = {
			isa = PBXGroup;
			children = (
				A1828E1D1CBCEF3E00D28198 /* miniDust */,
				A1828E1C1CBCEF3E00D28198 /* Products */,
			);
			sourceTree = "<group>";
		};
		A1828E1C1CBCEF3E00D28198 /* Products */ = {
			isa = PBXGroup;
			children = (
				A1828E1B1CBCEF3E00D28198 /* miniDust.app */,
			);
			name = Products;
			sourceTree = "<group>";
		};
		A1828E1D1CBCEF3E00D28198 /* miniDust */ = {
			isa = PBXGroup;
			children = (
				A122C9771CEF647E0001705C /* Image */,
				A1828E1E1CBCEF3E00D28198 /* AppDelegate.swift */,
				A1828E201CBCEF3E00D28198 /* ViewController.swift */,
				A1828E221CBCEF3E00D28198 /* Main.storyboard */,
				A1828E251CBCEF3E00D28198 /* Assets.xcassets */,
				A1828E271CBCEF3E00D28198 /* LaunchScreen.storyboard */,
				A1828E2A1CBCEF3E00D28198 /* Info.plist */,
			);
			path = miniDust;
			sourceTree = "<group>";
		};
/* End PBXGroup section */

/* Begin PBXNativeTarget section */
		A1828E1A1CBCEF3E00D28198 /* miniDust */ = {
			isa = PBXNativeTarget;
			buildConfigurationList = A1828E2D1CBCEF3E00D28198 /* Build configuration list for PBXNativeTarget "miniDust" */;
			buildPhases = (
				A1828E171CBCEF3E00D28198 /* Sources */,
				A1828E181CBCEF3E00D28198 /* Frameworks */,
				A1828E191CBCEF3E00D28198 /* Resources */,
			);
			buildRules = (
			);
			dependencies = (
			);
			name = miniDust;
			productName = Ratings;
			productReference = A1828E1B1CBCEF3E00D28198 /* miniDust.app */;
			productType = "com.apple.product-type.application";
		};
/* End PBXNativeTarget section */

/* Begin PBXProject section */
		A1828E131CBCEF3E00D28198 /* Project object */ = {
			isa = PBXProject;
			attributes = {
				LastSwiftUpdateCheck = 0720;
				LastUpgradeCheck = 0720;
				ORGANIZATIONNAME = kpugame;
				TargetAttributes = {
					A1828E1A1CBCEF3E00D28198 = {
						CreatedOnToolsVersion = 7.2.1;
					};
				};
			};
			buildConfigurationList = A1828E161CBCEF3E00D28198 /* Build configuration list for PBXProject "miniDust" */;
			compatibilityVersion = "Xcode 3.2";
			developmentRegion = English;
			hasScannedForEncodings = 0;
			knownRegions = (
				en,
				Base,
			);
			mainGroup = A1828E121CBCEF3E00D28198;
			productRefGroup = A1828E1C1CBCEF3E00D28198 /* Products */;
			projectDirPath = "";
			projectRoot = "";
			targets = (
				A1828E1A1CBCEF3E00D28198 /* miniDust */,
			);
		};
/* End PBXProject section */

/* Begin PBXResourcesBuildPhase section */
		A1828E191CBCEF3E00D28198 /* Resources */ = {
			isa = PBXResourcesBuildPhase;
			buildActionMask = 2147483647;
			files = (
				A122C9871CEF71400001705C /* Info30x30.png in Resources */,
				A1E333AA1CC672280002AD3F /* 2Stars.png in Resources */,
				A1E333AC1CC672280002AD3F /* 4Stars.png in Resources */,
				A1828E291CBCEF3E00D28198 /* LaunchScreen.storyboard in Resources */,
				A1828E261CBCEF3E00D28198 /* Assets.xcassets in Resources */,
				A122C9971CEF7BC00001705C /* Home20x20.png in Resources */,
				A122C9801CEF702A0001705C /* Home.png in Resources */,
				A11808F21CEF929000FFA3EA /* Default.png in Resources */,
				A11AD4631CD2214300AA688B /* slow.png in Resources */,
				A122C9861CEF71400001705C /* Info20x20.png in Resources */,
				A122C9821CEF702A0001705C /* Map-marker.png in Resources */,
				A11AD4611CD2214300AA688B /* photo2.png in Resources */,
				A1828E241CBCEF3E00D28198 /* Main.storyboard in Resources */,
				A1E333B21CC68A220002AD3F /* Players.png in Resources */,
				A122C97E1CEF702A0001705C /* Align-left.png in Resources */,
				A11AD4621CD2214300AA688B /* photo1.png in Resources */,
				A1E333AE1CC672280002AD3F /* 1Stars.png in Resources */,
				A11AD4601CD2214300AA688B /* photo3.png in Resources */,
				A122C9981CEF7BC00001705C /* Home30x30.png in Resources */,
				A122C9931CEF7BC00001705C /* Align20x20.png in Resources */,
				A122C99B1CEF7BC00001705C /* Search20x20.png in Resources */,
				A13AE96F1CEF7F4C00DDAF00 /* Infomation.png in Resources */,
				A122C99C1CEF7BC00001705C /* Search30x30.png in Resources */,
				A11808EB1CEF8D7200FFA3EA /* Dust20x20.png in Resources */,
				A11AD45E1CD2214300AA688B /* photo5.png in Resources */,
				A1E333AB1CC672280002AD3F /* 3Stars.png in Resources */,
				A11AD45F1CD2214300AA688B /* photo4.png in Resources */,
				A122C9811CEF702A0001705C /* Info.png in Resources */,
				A122C9831CEF702A0001705C /* Search.png in Resources */,
				A11808EA1CEF8D7200FFA3EA /* Dust.png in Resources */,
				A11AD4691CD2285000AA688B /* button2.png in Resources */,
				A11AD46B1CD2294500AA688B /* 222.png in Resources */,
				A11AD4671CD224E900AA688B /* us1.png in Resources */,
				A1E333AD1CC672280002AD3F /* 5Stars.png in Resources */,
				A122C9991CEF7BC00001705C /* Map-marker20x20.png in Resources */,
				A122C99A1CEF7BC00001705C /* Map-marker30x30.png in Resources */,
				A1E333B01CC68A1B0002AD3F /* Gestures.png in Resources */,
				A11808EC1CEF8D7200FFA3EA /* Dust30x30.png in Resources */,
				A122C9941CEF7BC00001705C /* Align30x30.png in Resources */,
			);
			runOnlyForDeploymentPostprocessing = 0;
		};
/* End PBXResourcesBuildPhase section */

/* Begin PBXSourcesBuildPhase section */
		A1828E171CBCEF3E00D28198 /* Sources */ = {
			isa = PBXSourcesBuildPhase;
			buildActionMask = 2147483647;
			files = (
				A1828E211CBCEF3E00D28198 /* ViewController.swift in Sources */,
				A1828E1F1CBCEF3E00D28198 /* AppDelegate.swift in Sources */,
			);
			runOnlyForDeploymentPostprocessing = 0;
		};
/* End PBXSourcesBuildPhase section */

/* Begin PBXVariantGroup section */
		A1828E221CBCEF3E00D28198 /* Main.storyboard */ = {
			isa = PBXVariantGroup;
			children = (
				A1828E231CBCEF3E00D28198 /* Base */,
			);
			name = Main.storyboard;
			sourceTree = "<group>";
		};
		A1828E271CBCEF3E00D28198 /* LaunchScreen.storyboard */ = {
			isa = PBXVariantGroup;
			children = (
				A1828E281CBCEF3E00D28198 /* Base */,
			);
			name = LaunchScreen.storyboard;
			sourceTree = "<group>";
		};
/* End PBXVariantGroup section */

/* Begin XCBuildConfiguration section */
		A1828E2B1CBCEF3E00D28198 /* Debug */ = {
			isa = XCBuildConfiguration;
			buildSettings = {
				ALWAYS_SEARCH_USER_PATHS = NO;
				CLANG_CXX_LANGUAGE_STANDARD = "gnu++0x";
				CLANG_CXX_LIBRARY = "libc++";
				CLANG_ENABLE_MODULES = YES;
				CLANG_ENABLE_OBJC_ARC = YES;
				CLANG_WARN_BOOL_CONVERSION = YES;
				CLANG_WARN_CONSTANT_CONVERSION = YES;
				CLANG_WARN_DIRECT_OBJC_ISA_USAGE = YES_ERROR;
				CLANG_WARN_EMPTY_BODY = YES;
				CLANG_WARN_ENUM_CONVERSION = YES;
				CLANG_WARN_INT_CONVERSION = YES;
				CLANG_WARN_OBJC_ROOT_CLASS = YES_ERROR;
				CLANG_WARN_UNREACHABLE_CODE = YES;
				CLANG_WARN__DUPLICATE_METHOD_MATCH = YES;
				"CODE_SIGN_IDENTITY[sdk=iphoneos*]" = "iPhone Developer";
				COPY_PHASE_STRIP = NO;
				DEBUG_INFORMATION_FORMAT = dwarf;
				ENABLE_STRICT_OBJC_MSGSEND = YES;
				ENABLE_TESTABILITY = YES;
				GCC_C_LANGUAGE_STANDARD = gnu99;
				GCC_DYNAMIC_NO_PIC = NO;
				GCC_NO_COMMON_BLOCKS = YES;
				GCC_OPTIMIZATION_LEVEL = 0;
				GCC_PREPROCESSOR_DEFINITIONS = (
					"DEBUG=1",
					"$(inherited)",
				);
				GCC_WARN_64_TO_32_BIT_CONVERSION = YES;
				GCC_WARN_ABOUT_RETURN_TYPE = YES_ERROR;
				GCC_WARN_UNDECLARED_SELECTOR = YES;
				GCC_WARN_UNINITIALIZED_AUTOS = YES_AGGRESSIVE;
				GCC_WARN_UNUSED_FUNCTION = YES;
				GCC_WARN_UNUSED_VARIABLE = YES;
				IPHONEOS_DEPLOYMENT_TARGET = 9.2;
				MTL_ENABLE_DEBUG_INFO = YES;
				ONLY_ACTIVE_ARCH = YES;
				SDKROOT = iphoneos;
				SWIFT_OPTIMIZATION_LEVEL = "-Onone";
				TARGETED_DEVICE_FAMILY = 2;
			};
			name = Debug;
		};
		A1828E2C1CBCEF3E00D28198 /* Release */ = {
			isa = XCBuildConfiguration;
			buildSettings = {
				ALWAYS_SEARCH_USER_PATHS = NO;
				CLANG_CXX_LANGUAGE_STANDARD = "gnu++0x";
				CLANG_CXX_LIBRARY = "libc++";
				CLANG_ENABLE_MODULES = YES;
				CLANG_ENABLE_OBJC_ARC = YES;
				CLANG_WARN_BOOL_CONVERSION = YES;
				CLANG_WARN_CONSTANT_CONVERSION = YES;
				CLANG_WARN_DIRECT_OBJC_ISA_USAGE = YES_ERROR;
				CLANG_WARN_EMPTY_BODY = YES;
				CLANG_WARN_ENUM_CONVERSION = YES;
				CLANG_WARN_INT_CONVERSION = YES;
				CLANG_WARN_OBJC_ROOT_CLASS = YES_ERROR;
				CLANG_WARN_UNREACHABLE_CODE = YES;
				CLANG_WARN__DUPLICATE_METHOD_MATCH = YES;
				"CODE_SIGN_IDENTITY[sdk=iphoneos*]" = "iPhone Developer";
				COPY_PHASE_STRIP = NO;
				DEBUG_INFORMATION_FORMAT = "dwarf-with-dsym";
				ENABLE_NS_ASSERTIONS = NO;
				ENABLE_STRICT_OBJC_MSGSEND = YES;
				GCC_C_LANGUAGE_STANDARD = gnu99;
				GCC_NO_COMMON_BLOCKS = YES;
				GCC_WARN_64_TO_32_BIT_CONVERSION = YES;
				GCC_WARN_ABOUT_RETURN_TYPE = YES_ERROR;
				GCC_WARN_UNDECLARED_SELECTOR = YES;
				GCC_WARN_UNINITIALIZED_AUTOS = YES_AGGRESSIVE;
				GCC_WARN_UNUSED_FUNCTION = YES;
				GCC_WARN_UNUSED_VARIABLE = YES;
				IPHONEOS_DEPLOYMENT_TARGET = 9.2;
				MTL_ENABLE_DEBUG_INFO = NO;
				SDKROOT = iphoneos;
				TARGETED_DEVICE_FAMILY = 2;
				VALIDATE_PRODUCT = YES;
			};
			name = Release;
		};
		A1828E2E1CBCEF3E00D28198 /* Debug */ = {
			isa = XCBuildConfiguration;
			buildSettings = {
				ASSETCATALOG_COMPILER_APPICON_NAME = AppIcon;
				INFOPLIST_FILE = "$(SRCROOT)/miniDust/Info.plist";
				IPHONEOS_DEPLOYMENT_TARGET = 8.4;
				LD_RUNPATH_SEARCH_PATHS = "$(inherited) @executable_path/Frameworks";
				PRODUCT_BUNDLE_IDENTIFIER = miniDust;
				PRODUCT_NAME = miniDust;
				TARGETED_DEVICE_FAMILY = "1,2";
			};
			name = Debug;
		};
		A1828E2F1CBCEF3E00D28198 /* Release */ = {
			isa = XCBuildConfiguration;
			buildSettings = {
				ASSETCATALOG_COMPILER_APPICON_NAME = AppIcon;
				INFOPLIST_FILE = "$(SRCROOT)/miniDust/Info.plist";
				IPHONEOS_DEPLOYMENT_TARGET = 8.4;
				LD_RUNPATH_SEARCH_PATHS = "$(inherited) @executable_path/Frameworks";
				PRODUCT_BUNDLE_IDENTIFIER = miniDust;
				PRODUCT_NAME = miniDust;
				TARGETED_DEVICE_FAMILY = "1,2";
			};
			name = Release;
		};
/* End XCBuildConfiguration section */

/* Begin XCConfigurationList section */
		A1828E161CBCEF3E00D28198 /* Build configuration list for PBXProject "miniDust" */ = {
			isa = XCConfigurationList;
			buildConfigurations = (
				A1828E2B1CBCEF3E00D28198 /* Debug */,
				A1828E2C1CBCEF3E00D28198 /* Release */,
			);
			defaultConfigurationIsVisible = 0;
			defaultConfigurationName = Release;
		};
		A1828E2D1CBCEF3E00D28198 /* Build configuration list for PBXNativeTarget "miniDust" */ = {
			isa = XCConfigurationList;
			buildConfigurations = (
				A1828E2E1CBCEF3E00D28198 /* Debug */,
				A1828E2F1CBCEF3E00D28198 /* Release */,
			);
			defaultConfigurationIsVisible = 0;
			defaultConfigurationName = Release;
		};
/* End XCConfigurationList section */
	};
	rootObject = A1828E131CBCEF3E00D28198 /* Project object */;
}
